
Microsoft Visual Studio Solution File, Format Version 12.00
# Visual Studio 2013
VisualStudioVersion = 12.0.30723.0
MinimumVisualStudioVersion = 10.0.40219.1
Project("{FAE04EC0-301F-11D3-BF4B-00C04F79EFBC}") = "DotNetSamples.Data", "DotNetSamples.Data\DotNetSamples.Data.csproj", "{BA85A1F5-6120-4593-81EF-BF69B02657B3}"
EndProject
Project("{FAE04EC0-301F-11D3-BF4B-00C04F79EFBC}") = "DotNetSamples.Entities", "DotNetSamples.Entities\DotNetSamples.Entities.csproj", "{4055D3BE-93DE-4FBD-B16B-15F69D21A41E}"
EndProject
Project("{2150E333-8FDC-42A3-9474-1A3956D46DE8}") = "DataLayer", "DataLayer", "{DE99EBE8-CE7B-4359-A6BC-F6E977CCB02E}"
EndProject
Project("{2150E333-8FDC-42A3-9474-1A3956D46DE8}") = "Web", "Web", "{5C0009B8-B0CC-40F8-AD16-34FFF7C444BD}"
EndProject
Project("{FAE04EC0-301F-11D3-BF4B-00C04F79EFBC}") = "DotNetSamples.WebForms", "DotNetSamples.WebForms\DotNetSamples.WebForms.csproj", "{E3961D5F-2053-476B-A5D5-1C430C5C011A}"
	ProjectSection(ProjectDependencies) = postProject
		{19A64705-771D-4C33-8006-4BDECB6C3209} = {19A64705-771D-4C33-8006-4BDECB6C3209}
		{E458CBD4-0BA5-4A70-B24E-A6998BE75047} = {E458CBD4-0BA5-4A70-B24E-A6998BE75047}
		{BA85A1F5-6120-4593-81EF-BF69B02657B3} = {BA85A1F5-6120-4593-81EF-BF69B02657B3}
	EndProjectSection
EndProject
Project("{2150E333-8FDC-42A3-9474-1A3956D46DE8}") = "Service", "Service", "{8C84BAC7-B9CA-4116-AB3D-EAB1BE00B71D}"
EndProject
Project("{FAE04EC0-301F-11D3-BF4B-00C04F79EFBC}") = "DontNetSamples.WCF", "DotNetSamples.WCF\DontNetSamples.WCF.csproj", "{E458CBD4-0BA5-4A70-B24E-A6998BE75047}"
EndProject
Project("{FAE04EC0-301F-11D3-BF4B-00C04F79EFBC}") = "DotNetSamples.WCF.SelfHost", "DotNetSamples.WCF.SelfHost\DotNetSamples.WCF.SelfHost.csproj", "{19A64705-771D-4C33-8006-4BDECB6C3209}"
EndProject
Project("{FAE04EC0-301F-11D3-BF4B-00C04F79EFBC}") = "DotNetSamples.IISHost", "DotNetSamples.IISHost\DotNetSamples.IISHost.csproj", "{9F6D1428-8ABB-433F-82A3-7DA6D3BCBD69}"
EndProject
Project("{2150E333-8FDC-42A3-9474-1A3956D46DE8}") = "Test", "Test", "{FB74DC3D-5EFF-4530-8A90-EEEAE35F8C21}"
EndProject
Project("{FAE04EC0-301F-11D3-BF4B-00C04F79EFBC}") = "TestConsole", "TestConsole\TestConsole.csproj", "{938F0C65-C3DA-4FCB-8BDC-EC4FB7ACB4D0}"
EndProject
Global
	GlobalSection(SolutionConfigurationPlatforms) = preSolution
		Debug|Any CPU = Debug|Any CPU
		Release|Any CPU = Release|Any CPU
	EndGlobalSection
	GlobalSection(ProjectConfigurationPlatforms) = postSolution
		{BA85A1F5-6120-4593-81EF-BF69B02657B3}.Debug|Any CPU.ActiveCfg = Debug|Any CPU
		{BA85A1F5-6120-4593-81EF-BF69B02657B3}.Debug|Any CPU.Build.0 = Debug|Any CPU
		{BA85A1F5-6120-4593-81EF-BF69B02657B3}.Release|Any CPU.ActiveCfg = Release|Any CPU
		{BA85A1F5-6120-4593-81EF-BF69B02657B3}.Release|Any CPU.Build.0 = Release|Any CPU
		{4055D3BE-93DE-4FBD-B16B-15F69D21A41E}.Debug|Any CPU.ActiveCfg = Debug|Any CPU
		{4055D3BE-93DE-4FBD-B16B-15F69D21A41E}.Debug|Any CPU.Build.0 = Debug|Any CPU
		{4055D3BE-93DE-4FBD-B16B-15F69D21A41E}.Release|Any CPU.ActiveCfg = Release|Any CPU
		{4055D3BE-93DE-4FBD-B16B-15F69D21A41E}.Release|Any CPU.Build.0 = Release|Any CPU
		{E3961D5F-2053-476B-A5D5-1C430C5C011A}.Debug|Any CPU.ActiveCfg = Debug|Any CPU
		{E3961D5F-2053-476B-A5D5-1C430C5C011A}.Debug|Any CPU.Build.0 = Debug|Any CPU
		{E3961D5F-2053-476B-A5D5-1C430C5C011A}.Release|Any CPU.ActiveCfg = Release|Any CPU
		{E3961D5F-2053-476B-A5D5-1C430C5C011A}.Release|Any CPU.Build.0 = Release|Any CPU
		{E458CBD4-0BA5-4A70-B24E-A6998BE75047}.Debug|Any CPU.ActiveCfg = Debug|Any CPU
		{E458CBD4-0BA5-4A70-B24E-A6998BE75047}.Debug|Any CPU.Build.0 = Debug|Any CPU
		{E458CBD4-0BA5-4A70-B24E-A6998BE75047}.Release|Any CPU.ActiveCfg = Release|Any CPU
		{E458CBD4-0BA5-4A70-B24E-A6998BE75047}.Release|Any CPU.Build.0 = Release|Any CPU
		{19A64705-771D-4C33-8006-4BDECB6C3209}.Debug|Any CPU.ActiveCfg = Debug|Any CPU
		{19A64705-771D-4C33-8006-4BDECB6C3209}.Debug|Any CPU.Build.0 = Debug|Any CPU
		{19A64705-771D-4C33-8006-4BDECB6C3209}.Release|Any CPU.ActiveCfg = Release|Any CPU
		{19A64705-771D-4C33-8006-4BDECB6C3209}.Release|Any CPU.Build.0 = Release|Any CPU
		{9F6D1428-8ABB-433F-82A3-7DA6D3BCBD69}.Debug|Any CPU.ActiveCfg = Debug|Any CPU
		{9F6D1428-8ABB-433F-82A3-7DA6D3BCBD69}.Debug|Any CPU.Build.0 = Debug|Any CPU
		{9F6D1428-8ABB-433F-82A3-7DA6D3BCBD69}.Release|Any CPU.ActiveCfg = Release|Any CPU
		{9F6D1428-8ABB-433F-82A3-7DA6D3BCBD69}.Release|Any CPU.Build.0 = Release|Any CPU
		{938F0C65-C3DA-4FCB-8BDC-EC4FB7ACB4D0}.Debug|Any CPU.ActiveCfg = Debug|Any CPU
		{938F0C65-C3DA-4FCB-8BDC-EC4FB7ACB4D0}.Debug|Any CPU.Build.0 = Debug|Any CPU
		{938F0C65-C3DA-4FCB-8BDC-EC4FB7ACB4D0}.Release|Any CPU.ActiveCfg = Release|Any CPU
		{938F0C65-C3DA-4FCB-8BDC-EC4FB7ACB4D0}.Release|Any CPU.Build.0 = Release|Any CPU
	EndGlobalSection
	GlobalSection(SolutionProperties) = preSolution
		HideSolutionNode = FALSE
	EndGlobalSection
	GlobalSection(NestedProjects) = preSolution
		{BA85A1F5-6120-4593-81EF-BF69B02657B3} = {DE99EBE8-CE7B-4359-A6BC-F6E977CCB02E}
		{4055D3BE-93DE-4FBD-B16B-15F69D21A41E} = {DE99EBE8-CE7B-4359-A6BC-F6E977CCB02E}
		{E3961D5F-2053-476B-A5D5-1C430C5C011A} = {5C0009B8-B0CC-40F8-AD16-34FFF7C444BD}
		{E458CBD4-0BA5-4A70-B24E-A6998BE75047} = {8C84BAC7-B9CA-4116-AB3D-EAB1BE00B71D}
		{19A64705-771D-4C33-8006-4BDECB6C3209} = {8C84BAC7-B9CA-4116-AB3D-EAB1BE00B71D}
		{9F6D1428-8ABB-433F-82A3-7DA6D3BCBD69} = {8C84BAC7-B9CA-4116-AB3D-EAB1BE00B71D}
		{938F0C65-C3DA-4FCB-8BDC-EC4FB7ACB4D0} = {FB74DC3D-5EFF-4530-8A90-EEEAE35F8C21}
	EndGlobalSection
EndGlobal
